
Microsoft Visual Studio Solution File, Format Version 12.00
# Visual Studio Version 16
VisualStudioVersion = 16.0.31129.286
MinimumVisualStudioVersion = 10.0.40219.1
Project("{FAE04EC0-301F-11D3-BF4B-00C04F79EFBC}") = "BankingSite", "BankingSite.csproj", "{4735138F-405B-482C-81BF-FEA9B8DFCFEE}"
EndProject
Global
	GlobalSection(SolutionConfigurationPlatforms) = preSolution
		Debug|Any CPU = Debug|Any CPU
		Release|Any CPU = Release|Any CPU
	EndGlobalSection
	GlobalSection(ProjectConfigurationPlatforms) = postSolution
		{4735138F-405B-482C-81BF-FEA9B8DFCFEE}.Debug|Any CPU.ActiveCfg = Debug|Any CPU
		{4735138F-405B-482C-81BF-FEA9B8DFCFEE}.Debug|Any CPU.Build.0 = Debug|Any CPU
		{4735138F-405B-482C-81BF-FEA9B8DFCFEE}.Release|Any CPU.ActiveCfg = Release|Any CPU
		{4735138F-405B-482C-81BF-FEA9B8DFCFEE}.Release|Any CPU.Build.0 = Release|Any CPU
	EndGlobalSection
	GlobalSection(SolutionProperties) = preSolution
		HideSolutionNode = FALSE
	EndGlobalSection
	GlobalSection(ExtensibilityGlobals) = postSolution
		SolutionGuid = {B00711CC-C0C1-4A83-A68F-7369ADC5F5CE}
	EndGlobalSection
EndGlobal
